// !$*UTF8*$!
{
	archiveVersion = 1;
	classes = {
	};
	objectVersion = 50;
	objects = {

/* Begin PBXBuildFile section */
		B478889225EA9B3A008FD4BC /* AppDelegate.swift in Sources */ = {isa = PBXBuildFile; fileRef = B478889125EA9B3A008FD4BC /* AppDelegate.swift */; };
		B478889425EA9B3A008FD4BC /* SceneDelegate.swift in Sources */ = {isa = PBXBuildFile; fileRef = B478889325EA9B3A008FD4BC /* SceneDelegate.swift */; };
		B478889625EA9B3A008FD4BC /* ViewController.swift in Sources */ = {isa = PBXBuildFile; fileRef = B478889525EA9B3A008FD4BC /* ViewController.swift */; };
		B478889925EA9B3A008FD4BC /* Main.storyboard in Resources */ = {isa = PBXBuildFile; fileRef = B478889725EA9B3A008FD4BC /* Main.storyboard */; };
		B478889B25EA9B3B008FD4BC /* Assets.xcassets in Resources */ = {isa = PBXBuildFile; fileRef = B478889A25EA9B3B008FD4BC /* Assets.xcassets */; };
		B478889E25EA9B3B008FD4BC /* LaunchScreen.storyboard in Resources */ = {isa = PBXBuildFile; fileRef = B478889C25EA9B3B008FD4BC /* LaunchScreen.storyboard */; };
		B47888A725EA9DAA008FD4BC /* UserSettings.swift in Sources */ = {isa = PBXBuildFile; fileRef = B47888A625EA9DAA008FD4BC /* UserSettings.swift */; };
/* End PBXBuildFile section */

/* Begin PBXFileReference section */
		B478888E25EA9B3A008FD4BC /* NSUserDefaults+NSCoding.app */ = {isa = PBXFileReference; explicitFileType = wrapper.application; includeInIndex = 0; path = "NSUserDefaults+NSCoding.app"; sourceTree = BUILT_PRODUCTS_DIR; };
		B478889125EA9B3A008FD4BC /* AppDelegate.swift */ = {isa = PBXFileReference; lastKnownFileType = sourcecode.swift; path = AppDelegate.swift; sourceTree = "<group>"; };
		B478889325EA9B3A008FD4BC /* SceneDelegate.swift */ = {isa = PBXFileReference; lastKnownFileType = sourcecode.swift; path = SceneDelegate.swift; sourceTree = "<group>"; };
		B478889525EA9B3A008FD4BC /* ViewController.swift */ = {isa = PBXFileReference; lastKnownFileType = sourcecode.swift; path = ViewController.swift; sourceTree = "<group>"; };
		B478889825EA9B3A008FD4BC /* Base */ = {isa = PBXFileReference; lastKnownFileType = file.storyboard; name = Base; path = Base.lproj/Main.storyboard; sourceTree = "<group>"; };
		B478889A25EA9B3B008FD4BC /* Assets.xcassets */ = {isa = PBXFileReference; lastKnownFileType = folder.assetcatalog; path = Assets.xcassets; sourceTree = "<group>"; };
		B478889D25EA9B3B008FD4BC /* Base */ = {isa = PBXFileReference; lastKnownFileType = file.storyboard; name = Base; path = Base.lproj/LaunchScreen.storyboard; sourceTree = "<group>"; };
		B478889F25EA9B3B008FD4BC /* Info.plist */ = {isa = PBXFileReference; lastKnownFileType = text.plist.xml; path = Info.plist; sourceTree = "<group>"; };
		B47888A625EA9DAA008FD4BC /* UserSettings.swift */ = {isa = PBXFileReference; lastKnownFileType = sourcecode.swift; path = UserSettings.swift; sourceTree = "<group>"; };
/* End PBXFileReference section */

/* Begin PBXFrameworksBuildPhase section */
		B478888B25EA9B3A008FD4BC /* Frameworks */ = {
			isa = PBXFrameworksBuildPhase;
			buildActionMask = 2147483647;
			files = (
			);
			runOnlyForDeploymentPostprocessing = 0;
		};
/* End PBXFrameworksBuildPhase section */

/* Begin PBXGroup section */
		B478888525EA9B3A008FD4BC = {
			isa = PBXGroup;
			children = (
				B478889025EA9B3A008FD4BC /* NSUserDefaults+NSCoding */,
				B478888F25EA9B3A008FD4BC /* Products */,
			);
			sourceTree = "<group>";
		};
		B478888F25EA9B3A008FD4BC /* Products */ = {
			isa = PBXGroup;
			children = (
				B478888E25EA9B3A008FD4BC /* NSUserDefaults+NSCoding.app */,
			);
			name = Products;
			sourceTree = "<group>";
		};
		B478889025EA9B3A008FD4BC /* NSUserDefaults+NSCoding */ = {
			isa = PBXGroup;
			children = (
				B478889125EA9B3A008FD4BC /* AppDelegate.swift */,
				B478889325EA9B3A008FD4BC /* SceneDelegate.swift */,
				B478889525EA9B3A008FD4BC /* ViewController.swift */,
				B47888A625EA9DAA008FD4BC /* UserSettings.swift */,
				B478889725EA9B3A008FD4BC /* Main.storyboard */,
				B478889A25EA9B3B008FD4BC /* Assets.xcassets */,
				B478889C25EA9B3B008FD4BC /* LaunchScreen.storyboard */,
				B478889F25EA9B3B008FD4BC /* Info.plist */,
			);
			path = "NSUserDefaults+NSCoding";
			sourceTree = "<group>";
		};
/* End PBXGroup section */

/* Begin PBXNativeTarget section */
		B478888D25EA9B3A008FD4BC /* NSUserDefaults+NSCoding */ = {
			isa = PBXNativeTarget;
			buildConfigurationList = B47888A225EA9B3B008FD4BC /* Build configuration list for PBXNativeTarget "NSUserDefaults+NSCoding" */;
			buildPhases = (
				B478888A25EA9B3A008FD4BC /* Sources */,
				B478888B25EA9B3A008FD4BC /* Frameworks */,
				B478888C25EA9B3A008FD4BC /* Resources */,
			);
			buildRules = (
			);
			dependencies = (
			);
			name = "NSUserDefaults+NSCoding";
			productName = "NSUserDefaults+NSCoding";
			productReference = B478888E25EA9B3A008FD4BC /* NSUserDefaults+NSCoding.app */;
			productType = "com.apple.product-type.application";
		};
/* End PBXNativeTarget section */

/* Begin PBXProject section */
		B478888625EA9B3A008FD4BC /* Project object */ = {
			isa = PBXProject;
			attributes = {
				LastSwiftUpdateCheck = 1230;
				LastUpgradeCheck = 1230;
				TargetAttributes = {
					B478888D25EA9B3A008FD4BC = {
						CreatedOnToolsVersion = 12.3;
					};
				};
			};
			buildConfigurationList = B478888925EA9B3A008FD4BC /* Build configuration list for PBXProject "NSUserDefaults+NSCoding" */;
			compatibilityVersion = "Xcode 9.3";
			developmentRegion = en;
			hasScannedForEncodings = 0;
			knownRegions = (
				en,
				Base,
			);
			mainGroup = B478888525EA9B3A008FD4BC;
			productRefGroup = B478888F25EA9B3A008FD4BC /* Products */;
			projectDirPath = "";
			projectRoot = "";
			targets = (
				B478888D25EA9B3A008FD4BC /* NSUserDefaults+NSCoding */,
			);
		};
/* End PBXProject section */

/* Begin PBXResourcesBuildPhase section */
		B478888C25EA9B3A008FD4BC /* Resources */ = {
			isa = PBXResourcesBuildPhase;
			buildActionMask = 2147483647;
			files = (
				B478889E25EA9B3B008FD4BC /* LaunchScreen.storyboard in Resources */,
				B478889B25EA9B3B008FD4BC /* Assets.xcassets in Resources */,
				B478889925EA9B3A008FD4BC /* Main.storyboard in Resources */,
			);
			runOnlyForDeploymentPostprocessing = 0;
		};
/* End PBXResourcesBuildPhase section */

/* Begin PBXSourcesBuildPhase section */
		B478888A25EA9B3A008FD4BC /* Sources */ = {
			isa = PBXSourcesBuildPhase;
			buildActionMask = 2147483647;
			files = (
				B478889625EA9B3A008FD4BC /* ViewController.swift in Sources */,
				B47888A725EA9DAA008FD4BC /* UserSettings.swift in Sources */,
				B478889225EA9B3A008FD4BC /* AppDelegate.swift in Sources */,
				B478889425EA9B3A008FD4BC /* SceneDelegate.swift in Sources */,
			);
			runOnlyForDeploymentPostprocessing = 0;
		};
/* End PBXSourcesBuildPhase section */

/* Begin PBXVariantGroup section */
		B478889725EA9B3A008FD4BC /* Main.storyboard */ = {
			isa = PBXVariantGroup;
			children = (
				B478889825EA9B3A008FD4BC /* Base */,
			);
			name = Main.storyboard;
			sourceTree = "<group>";
		};
		B478889C25EA9B3B008FD4BC /* LaunchScreen.storyboard */ = {
			isa = PBXVariantGroup;
			children = (
				B478889D25EA9B3B008FD4BC /* Base */,
			);
			name = LaunchScreen.storyboard;
			sourceTree = "<group>";
		};
/* End PBXVariantGroup section */

/* Begin XCBuildConfiguration section */
		B47888A025EA9B3B008FD4BC /* Debug */ = {
			isa = XCBuildConfiguration;
			buildSettings = {
				ALWAYS_SEARCH_USER_PATHS = NO;
				CLANG_ANALYZER_NONNULL = YES;
				CLANG_ANALYZER_NUMBER_OBJECT_CONVERSION = YES_AGGRESSIVE;
				CLANG_CXX_LANGUAGE_STANDARD = "gnu++14";
				CLANG_CXX_LIBRARY = "libc++";
				CLANG_ENABLE_MODULES = YES;
				CLANG_ENABLE_OBJC_ARC = YES;
				CLANG_ENABLE_OBJC_WEAK = YES;
				CLANG_WARN_BLOCK_CAPTURE_AUTORELEASING = YES;
				CLANG_WARN_BOOL_CONVERSION = YES;
				CLANG_WARN_COMMA = YES;
				CLANG_WARN_CONSTANT_CONVERSION = YES;
				CLANG_WARN_DEPRECATED_OBJC_IMPLEMENTATIONS = YES;
				CLANG_WARN_DIRECT_OBJC_ISA_USAGE = YES_ERROR;
				CLANG_WARN_DOCUMENTATION_COMMENTS = YES;
				CLANG_WARN_EMPTY_BODY = YES;
				CLANG_WARN_ENUM_CONVERSION = YES;
				CLANG_WARN_INFINITE_RECURSION = YES;
				CLANG_WARN_INT_CONVERSION = YES;
				CLANG_WARN_NON_LITERAL_NULL_CONVERSION = YES;
				CLANG_WARN_OBJC_IMPLICIT_RETAIN_SELF = YES;
				CLANG_WARN_OBJC_LITERAL_CONVERSION = YES;
				CLANG_WARN_OBJC_ROOT_CLASS = YES_ERROR;
				CLANG_WARN_QUOTED_INCLUDE_IN_FRAMEWORK_HEADER = YES;
				CLANG_WARN_RANGE_LOOP_ANALYSIS = YES;
				CLANG_WARN_STRICT_PROTOTYPES = YES;
				CLANG_WARN_SUSPICIOUS_MOVE = YES;
				CLANG_WARN_UNGUARDED_AVAILABILITY = YES_AGGRESSIVE;
				CLANG_WARN_UNREACHABLE_CODE = YES;
				CLANG_WARN__DUPLICATE_METHOD_MATCH = YES;
				COPY_PHASE_STRIP = NO;
				DEBUG_INFORMATION_FORMAT = dwarf;
				ENABLE_STRICT_OBJC_MSGSEND = YES;
				ENABLE_TESTABILITY = YES;
				GCC_C_LANGUAGE_STANDARD = gnu11;
				GCC_DYNAMIC_NO_PIC = NO;
				GCC_NO_COMMON_BLOCKS = YES;
				GCC_OPTIMIZATION_LEVEL = 0;
				GCC_PREPROCESSOR_DEFINITIONS = (
					"DEBUG=1",
					"$(inherited)",
				);
				GCC_WARN_64_TO_32_BIT_CONVERSION = YES;
				GCC_WARN_ABOUT_RETURN_TYPE = YES_ERROR;
				GCC_WARN_UNDECLARED_SELECTOR = YES;
				GCC_WARN_UNINITIALIZED_AUTOS = YES_AGGRESSIVE;
				GCC_WARN_UNUSED_FUNCTION = YES;
				GCC_WARN_UNUSED_VARIABLE = YES;
				IPHONEOS_DEPLOYMENT_TARGET = 14.3;
				MTL_ENABLE_DEBUG_INFO = INCLUDE_SOURCE;
				MTL_FAST_MATH = YES;
				ONLY_ACTIVE_ARCH = YES;
				SDKROOT = iphoneos;
				SWIFT_ACTIVE_COMPILATION_CONDITIONS = DEBUG;
				SWIFT_OPTIMIZATION_LEVEL = "-Onone";
			};
			name = Debug;
		};
		B47888A125EA9B3B008FD4BC /* Release */ = {
			isa = XCBuildConfiguration;
			buildSettings = {
				ALWAYS_SEARCH_USER_PATHS = NO;
				CLANG_ANALYZER_NONNULL = YES;
				CLANG_ANALYZER_NUMBER_OBJECT_CONVERSION = YES_AGGRESSIVE;
				CLANG_CXX_LANGUAGE_STANDARD = "gnu++14";
				CLANG_CXX_LIBRARY = "libc++";
				CLANG_ENABLE_MODULES = YES;
				CLANG_ENABLE_OBJC_ARC = YES;
				CLANG_ENABLE_OBJC_WEAK = YES;
				CLANG_WARN_BLOCK_CAPTURE_AUTORELEASING = YES;
				CLANG_WARN_BOOL_CONVERSION = YES;
				CLANG_WARN_COMMA = YES;
				CLANG_WARN_CONSTANT_CONVERSION = YES;
				CLANG_WARN_DEPRECATED_OBJC_IMPLEMENTATIONS = YES;
				CLANG_WARN_DIRECT_OBJC_ISA_USAGE = YES_ERROR;
				CLANG_WARN_DOCUMENTATION_COMMENTS = YES;
				CLANG_WARN_EMPTY_BODY = YES;
				CLANG_WARN_ENUM_CONVERSION = YES;
				CLANG_WARN_INFINITE_RECURSION = YES;
				CLANG_WARN_INT_CONVERSION = YES;
				CLANG_WARN_NON_LITERAL_NULL_CONVERSION = YES;
				CLANG_WARN_OBJC_IMPLICIT_RETAIN_SELF = YES;
				CLANG_WARN_OBJC_LITERAL_CONVERSION = YES;
				CLANG_WARN_OBJC_ROOT_CLASS = YES_ERROR;
				CLANG_WARN_QUOTED_INCLUDE_IN_FRAMEWORK_HEADER = YES;
				CLANG_WARN_RANGE_LOOP_ANALYSIS = YES;
				CLANG_WARN_STRICT_PROTOTYPES = YES;
				CLANG_WARN_SUSPICIOUS_MOVE = YES;
				CLANG_WARN_UNGUARDED_AVAILABILITY = YES_AGGRESSIVE;
				CLANG_WARN_UNREACHABLE_CODE = YES;
				CLANG_WARN__DUPLICATE_METHOD_MATCH = YES;
				COPY_PHASE_STRIP = NO;
				DEBUG_INFORMATION_FORMAT = "dwarf-with-dsym";
				ENABLE_NS_ASSERTIONS = NO;
				ENABLE_STRICT_OBJC_MSGSEND = YES;
				GCC_C_LANGUAGE_STANDARD = gnu11;
				GCC_NO_COMMON_BLOCKS = YES;
				GCC_WARN_64_TO_32_BIT_CONVERSION = YES;
				GCC_WARN_ABOUT_RETURN_TYPE = YES_ERROR;
				GCC_WARN_UNDECLARED_SELECTOR = YES;
				GCC_WARN_UNINITIALIZED_AUTOS = YES_AGGRESSIVE;
				GCC_WARN_UNUSED_FUNCTION = YES;
				GCC_WARN_UNUSED_VARIABLE = YES;
				IPHONEOS_DEPLOYMENT_TARGET = 14.3;
				MTL_ENABLE_DEBUG_INFO = NO;
				MTL_FAST_MATH = YES;
				SDKROOT = iphoneos;
				SWIFT_COMPILATION_MODE = wholemodule;
				SWIFT_OPTIMIZATION_LEVEL = "-O";
				VALIDATE_PRODUCT = YES;
			};
			name = Release;
		};
		B47888A325EA9B3B008FD4BC /* Debug */ = {
			isa = XCBuildConfiguration;
			buildSettings = {
				ASSETCATALOG_COMPILER_APPICON_NAME = AppIcon;
				ASSETCATALOG_COMPILER_GLOBAL_ACCENT_COLOR_NAME = AccentColor;
				CODE_SIGN_STYLE = Automatic;
				DEVELOPMENT_TEAM = XRTUKAGRTL;
				INFOPLIST_FILE = "NSUserDefaults+NSCoding/Info.plist";
				LD_RUNPATH_SEARCH_PATHS = (
					"$(inherited)",
					"@executable_path/Frameworks",
				);
				PRODUCT_BUNDLE_IDENTIFIER = "com.AlexanderSobolev.NSUserDefaults-NSCoding";
				PRODUCT_NAME = "$(TARGET_NAME)";
				SWIFT_VERSION = 5.0;
				TARGETED_DEVICE_FAMILY = "1,2";
			};
			name = Debug;
		};
		B47888A425EA9B3B008FD4BC /* Release */ = {
			isa = XCBuildConfiguration;
			buildSettings = {
				ASSETCATALOG_COMPILER_APPICON_NAME = AppIcon;
				ASSETCATALOG_COMPILER_GLOBAL_ACCENT_COLOR_NAME = AccentColor;
				CODE_SIGN_STYLE = Automatic;
				DEVELOPMENT_TEAM = XRTUKAGRTL;
				INFOPLIST_FILE = "NSUserDefaults+NSCoding/Info.plist";
				LD_RUNPATH_SEARCH_PATHS = (
					"$(inherited)",
					"@executable_path/Frameworks",
				);
				PRODUCT_BUNDLE_IDENTIFIER = "com.AlexanderSobolev.NSUserDefaults-NSCoding";
				PRODUCT_NAME = "$(TARGET_NAME)";
				SWIFT_VERSION = 5.0;
				TARGETED_DEVICE_FAMILY = "1,2";
			};
			name = Release;
		};
/* End XCBuildConfiguration section */

/* Begin XCConfigurationList section */
		B478888925EA9B3A008FD4BC /* Build configuration list for PBXProject "NSUserDefaults+NSCoding" */ = {
			isa = XCConfigurationList;
			buildConfigurations = (
				B47888A025EA9B3B008FD4BC /* Debug */,
				B47888A125EA9B3B008FD4BC /* Release */,
			);
			defaultConfigurationIsVisible = 0;
			defaultConfigurationName = Release;
		};
		B47888A225EA9B3B008FD4BC /* Build configuration list for PBXNativeTarget "NSUserDefaults+NSCoding" */ = {
			isa = XCConfigurationList;
			buildConfigurations = (
				B47888A325EA9B3B008FD4BC /* Debug */,
				B47888A425EA9B3B008FD4BC /* Release */,
			);
			defaultConfigurationIsVisible = 0;
			defaultConfigurationName = Release;
		};
/* End XCConfigurationList section */
	};
	rootObject = B478888625EA9B3A008FD4BC /* Project object */;
}
